// !$*UTF8*$!
{
	archiveVersion = 1;
	classes = {
	};
	objectVersion = 56;
	objects = {

/* Begin PBXBuildFile section */
		C67A2C582938D507004E93D0 /* AppDelegate.swift in Sources */ = {isa = PBXBuildFile; fileRef = C67A2C572938D507004E93D0 /* AppDelegate.swift */; };
		C67A2C5A2938D507004E93D0 /* SceneDelegate.swift in Sources */ = {isa = PBXBuildFile; fileRef = C67A2C592938D507004E93D0 /* SceneDelegate.swift */; };
		C67A2C5C2938D507004E93D0 /* LogInViewController.swift in Sources */ = {isa = PBXBuildFile; fileRef = C67A2C5B2938D507004E93D0 /* LogInViewController.swift */; };
		C67A2C5F2938D507004E93D0 /* Main.storyboard in Resources */ = {isa = PBXBuildFile; fileRef = C67A2C5D2938D507004E93D0 /* Main.storyboard */; };
		C67A2C612938D508004E93D0 /* Assets.xcassets in Resources */ = {isa = PBXBuildFile; fileRef = C67A2C602938D508004E93D0 /* Assets.xcassets */; };
		C67A2C642938D508004E93D0 /* LaunchScreen.storyboard in Resources */ = {isa = PBXBuildFile; fileRef = C67A2C622938D508004E93D0 /* LaunchScreen.storyboard */; };
		C67A2C6C2938D9C6004E93D0 /* GoalsList.storyboard in Resources */ = {isa = PBXBuildFile; fileRef = C67A2C6B2938D9C6004E93D0 /* GoalsList.storyboard */; };
		FAD48EBD293A4323007A963E /* MainScreenViewController.swift in Sources */ = {isa = PBXBuildFile; fileRef = FAD48EBC293A4323007A963E /* MainScreenViewController.swift */; };
		FAD48EBF293A4464007A963E /* Lessons.storyboard in Resources */ = {isa = PBXBuildFile; fileRef = FAD48EBE293A4464007A963E /* Lessons.storyboard */; };
		FAD48EC1293B4D72007A963E /* LessonsViewController.swift in Sources */ = {isa = PBXBuildFile; fileRef = FAD48EC0293B4D72007A963E /* LessonsViewController.swift */; };
		FAD48EC5293B4E36007A963E /* LessonsDetailsViewController.swift in Sources */ = {isa = PBXBuildFile; fileRef = FAD48EC4293B4E36007A963E /* LessonsDetailsViewController.swift */; };
		FAD48EC7293B4EE4007A963E /* AboutLessons.swift in Sources */ = {isa = PBXBuildFile; fileRef = FAD48EC6293B4EE4007A963E /* AboutLessons.swift */; };
/* End PBXBuildFile section */

/* Begin PBXFileReference section */
		C67A2C542938D507004E93D0 /* TeamProjectApp.app */ = {isa = PBXFileReference; explicitFileType = wrapper.application; includeInIndex = 0; path = TeamProjectApp.app; sourceTree = BUILT_PRODUCTS_DIR; };
		C67A2C572938D507004E93D0 /* AppDelegate.swift */ = {isa = PBXFileReference; lastKnownFileType = sourcecode.swift; path = AppDelegate.swift; sourceTree = "<group>"; };
		C67A2C592938D507004E93D0 /* SceneDelegate.swift */ = {isa = PBXFileReference; lastKnownFileType = sourcecode.swift; path = SceneDelegate.swift; sourceTree = "<group>"; };
		C67A2C5B2938D507004E93D0 /* LogInViewController.swift */ = {isa = PBXFileReference; lastKnownFileType = sourcecode.swift; path = LogInViewController.swift; sourceTree = "<group>"; };
		C67A2C5E2938D507004E93D0 /* Base */ = {isa = PBXFileReference; lastKnownFileType = file.storyboard; name = Base; path = Base.lproj/Main.storyboard; sourceTree = "<group>"; };
		C67A2C602938D508004E93D0 /* Assets.xcassets */ = {isa = PBXFileReference; lastKnownFileType = folder.assetcatalog; path = Assets.xcassets; sourceTree = "<group>"; };
		C67A2C632938D508004E93D0 /* Base */ = {isa = PBXFileReference; lastKnownFileType = file.storyboard; name = Base; path = Base.lproj/LaunchScreen.storyboard; sourceTree = "<group>"; };
		C67A2C652938D508004E93D0 /* Info.plist */ = {isa = PBXFileReference; lastKnownFileType = text.plist.xml; path = Info.plist; sourceTree = "<group>"; };
		C67A2C6B2938D9C6004E93D0 /* GoalsList.storyboard */ = {isa = PBXFileReference; lastKnownFileType = file.storyboard; path = GoalsList.storyboard; sourceTree = "<group>"; };
		FAD48EBC293A4323007A963E /* MainScreenViewController.swift */ = {isa = PBXFileReference; lastKnownFileType = sourcecode.swift; path = MainScreenViewController.swift; sourceTree = "<group>"; };
		FAD48EBE293A4464007A963E /* Lessons.storyboard */ = {isa = PBXFileReference; lastKnownFileType = file.storyboard; path = Lessons.storyboard; sourceTree = "<group>"; };
		FAD48EC0293B4D72007A963E /* LessonsViewController.swift */ = {isa = PBXFileReference; lastKnownFileType = sourcecode.swift; path = LessonsViewController.swift; sourceTree = "<group>"; };
		FAD48EC4293B4E36007A963E /* LessonsDetailsViewController.swift */ = {isa = PBXFileReference; lastKnownFileType = sourcecode.swift; path = LessonsDetailsViewController.swift; sourceTree = "<group>"; };
		FAD48EC6293B4EE4007A963E /* AboutLessons.swift */ = {isa = PBXFileReference; lastKnownFileType = sourcecode.swift; path = AboutLessons.swift; sourceTree = "<group>"; };
/* End PBXFileReference section */

/* Begin PBXFrameworksBuildPhase section */
		C67A2C512938D507004E93D0 /* Frameworks */ = {
			isa = PBXFrameworksBuildPhase;
			buildActionMask = 2147483647;
			files = (
			);
			runOnlyForDeploymentPostprocessing = 0;
		};
/* End PBXFrameworksBuildPhase section */

/* Begin PBXGroup section */
		C67A2C4B2938D507004E93D0 = {
			isa = PBXGroup;
			children = (
				C67A2C562938D507004E93D0 /* TeamProjectApp */,
				C67A2C552938D507004E93D0 /* Products */,
			);
			sourceTree = "<group>";
		};
		C67A2C552938D507004E93D0 /* Products */ = {
			isa = PBXGroup;
			children = (
				C67A2C542938D507004E93D0 /* TeamProjectApp.app */,
			);
			name = Products;
			sourceTree = "<group>";
		};
		C67A2C562938D507004E93D0 /* TeamProjectApp */ = {
			isa = PBXGroup;
			children = (
				C67A2C572938D507004E93D0 /* AppDelegate.swift */,
				C67A2C592938D507004E93D0 /* SceneDelegate.swift */,
				C67A2C5B2938D507004E93D0 /* LogInViewController.swift */,
				FAD48EBC293A4323007A963E /* MainScreenViewController.swift */,
				FAD48EC0293B4D72007A963E /* LessonsViewController.swift */,
				FAD48EC4293B4E36007A963E /* LessonsDetailsViewController.swift */,
				FAD48EC8293B4EEA007A963E /* Models */,
				C67A2C6D2938D9D1004E93D0 /* Storyboards */,
				C67A2C602938D508004E93D0 /* Assets.xcassets */,
				C67A2C622938D508004E93D0 /* LaunchScreen.storyboard */,
				C67A2C652938D508004E93D0 /* Info.plist */,
			);
			path = TeamProjectApp;
			sourceTree = "<group>";
		};
		C67A2C6D2938D9D1004E93D0 /* Storyboards */ = {
			isa = PBXGroup;
			children = (
				C67A2C5D2938D507004E93D0 /* Main.storyboard */,
				C67A2C6B2938D9C6004E93D0 /* GoalsList.storyboard */,
				FAD48EBE293A4464007A963E /* Lessons.storyboard */,
			);
			path = Storyboards;
			sourceTree = "<group>";
		};
		FAD48EC8293B4EEA007A963E /* Models */ = {
			isa = PBXGroup;
			children = (
				FAD48EC6293B4EE4007A963E /* AboutLessons.swift */,
			);
			path = Models;
			sourceTree = "<group>";
		};
/* End PBXGroup section */

/* Begin PBXNativeTarget section */
		C67A2C532938D507004E93D0 /* TeamProjectApp */ = {
			isa = PBXNativeTarget;
			buildConfigurationList = C67A2C682938D508004E93D0 /* Build configuration list for PBXNativeTarget "TeamProjectApp" */;
			buildPhases = (
				C67A2C502938D507004E93D0 /* Sources */,
				C67A2C512938D507004E93D0 /* Frameworks */,
				C67A2C522938D507004E93D0 /* Resources */,
			);
			buildRules = (
			);
			dependencies = (
			);
			name = TeamProjectApp;
			productName = TeamProjectApp;
			productReference = C67A2C542938D507004E93D0 /* TeamProjectApp.app */;
			productType = "com.apple.product-type.application";
		};
/* End PBXNativeTarget section */

/* Begin PBXProject section */
		C67A2C4C2938D507004E93D0 /* Project object */ = {
			isa = PBXProject;
			attributes = {
				BuildIndependentTargetsInParallel = 1;
				LastSwiftUpdateCheck = 1400;
				LastUpgradeCheck = 1400;
				TargetAttributes = {
					C67A2C532938D507004E93D0 = {
						CreatedOnToolsVersion = 14.0.1;
					};
				};
			};
			buildConfigurationList = C67A2C4F2938D507004E93D0 /* Build configuration list for PBXProject "TeamProjectApp" */;
			compatibilityVersion = "Xcode 14.0";
			developmentRegion = en;
			hasScannedForEncodings = 0;
			knownRegions = (
				en,
				Base,
			);
			mainGroup = C67A2C4B2938D507004E93D0;
			productRefGroup = C67A2C552938D507004E93D0 /* Products */;
			projectDirPath = "";
			projectRoot = "";
			targets = (
				C67A2C532938D507004E93D0 /* TeamProjectApp */,
			);
		};
/* End PBXProject section */

/* Begin PBXResourcesBuildPhase section */
		C67A2C522938D507004E93D0 /* Resources */ = {
			isa = PBXResourcesBuildPhase;
			buildActionMask = 2147483647;
			files = (
				C67A2C642938D508004E93D0 /* LaunchScreen.storyboard in Resources */,
				C67A2C6C2938D9C6004E93D0 /* GoalsList.storyboard in Resources */,
				C67A2C612938D508004E93D0 /* Assets.xcassets in Resources */,
				FAD48EBF293A4464007A963E /* Lessons.storyboard in Resources */,
				C67A2C5F2938D507004E93D0 /* Main.storyboard in Resources */,
			);
			runOnlyForDeploymentPostprocessing = 0;
		};
/* End PBXResourcesBuildPhase section */

/* Begin PBXSourcesBuildPhase section */
		C67A2C502938D507004E93D0 /* Sources */ = {
			isa = PBXSourcesBuildPhase;
			buildActionMask = 2147483647;
			files = (
				C67A2C5C2938D507004E93D0 /* LogInViewController.swift in Sources */,
				FAD48EC1293B4D72007A963E /* LessonsViewController.swift in Sources */,
				FAD48EBD293A4323007A963E /* MainScreenViewController.swift in Sources */,
				FAD48EC5293B4E36007A963E /* LessonsDetailsViewController.swift in Sources */,
				C67A2C582938D507004E93D0 /* AppDelegate.swift in Sources */,
				FAD48EC7293B4EE4007A963E /* AboutLessons.swift in Sources */,
				C67A2C5A2938D507004E93D0 /* SceneDelegate.swift in Sources */,
			);
			runOnlyForDeploymentPostprocessing = 0;
		};
/* End PBXSourcesBuildPhase section */

/* Begin PBXVariantGroup section */
		C67A2C5D2938D507004E93D0 /* Main.storyboard */ = {
			isa = PBXVariantGroup;
			children = (
				C67A2C5E2938D507004E93D0 /* Base */,
			);
			name = Main.storyboard;
			sourceTree = "<group>";
		};
		C67A2C622938D508004E93D0 /* LaunchScreen.storyboard */ = {
			isa = PBXVariantGroup;
			children = (
				C67A2C632938D508004E93D0 /* Base */,
			);
			name = LaunchScreen.storyboard;
			sourceTree = "<group>";
		};
/* End PBXVariantGroup section */

/* Begin XCBuildConfiguration section */
		C67A2C662938D508004E93D0 /* Debug */ = {
			isa = XCBuildConfiguration;
			buildSettings = {
				ALWAYS_SEARCH_USER_PATHS = NO;
				CLANG_ANALYZER_NONNULL = YES;
				CLANG_ANALYZER_NUMBER_OBJECT_CONVERSION = YES_AGGRESSIVE;
				CLANG_CXX_LANGUAGE_STANDARD = "gnu++20";
				CLANG_ENABLE_MODULES = YES;
				CLANG_ENABLE_OBJC_ARC = YES;
				CLANG_ENABLE_OBJC_WEAK = YES;
				CLANG_WARN_BLOCK_CAPTURE_AUTORELEASING = YES;
				CLANG_WARN_BOOL_CONVERSION = YES;
				CLANG_WARN_COMMA = YES;
				CLANG_WARN_CONSTANT_CONVERSION = YES;
				CLANG_WARN_DEPRECATED_OBJC_IMPLEMENTATIONS = YES;
				CLANG_WARN_DIRECT_OBJC_ISA_USAGE = YES_ERROR;
				CLANG_WARN_DOCUMENTATION_COMMENTS = YES;
				CLANG_WARN_EMPTY_BODY = YES;
				CLANG_WARN_ENUM_CONVERSION = YES;
				CLANG_WARN_INFINITE_RECURSION = YES;
				CLANG_WARN_INT_CONVERSION = YES;
				CLANG_WARN_NON_LITERAL_NULL_CONVERSION = YES;
				CLANG_WARN_OBJC_IMPLICIT_RETAIN_SELF = YES;
				CLANG_WARN_OBJC_LITERAL_CONVERSION = YES;
				CLANG_WARN_OBJC_ROOT_CLASS = YES_ERROR;
				CLANG_WARN_QUOTED_INCLUDE_IN_FRAMEWORK_HEADER = YES;
				CLANG_WARN_RANGE_LOOP_ANALYSIS = YES;
				CLANG_WARN_STRICT_PROTOTYPES = YES;
				CLANG_WARN_SUSPICIOUS_MOVE = YES;
				CLANG_WARN_UNGUARDED_AVAILABILITY = YES_AGGRESSIVE;
				CLANG_WARN_UNREACHABLE_CODE = YES;
				CLANG_WARN__DUPLICATE_METHOD_MATCH = YES;
				COPY_PHASE_STRIP = NO;
				DEBUG_INFORMATION_FORMAT = dwarf;
				ENABLE_STRICT_OBJC_MSGSEND = YES;
				ENABLE_TESTABILITY = YES;
				GCC_C_LANGUAGE_STANDARD = gnu11;
				GCC_DYNAMIC_NO_PIC = NO;
				GCC_NO_COMMON_BLOCKS = YES;
				GCC_OPTIMIZATION_LEVEL = 0;
				GCC_PREPROCESSOR_DEFINITIONS = (
					"DEBUG=1",
					"$(inherited)",
				);
				GCC_WARN_64_TO_32_BIT_CONVERSION = YES;
				GCC_WARN_ABOUT_RETURN_TYPE = YES_ERROR;
				GCC_WARN_UNDECLARED_SELECTOR = YES;
				GCC_WARN_UNINITIALIZED_AUTOS = YES_AGGRESSIVE;
				GCC_WARN_UNUSED_FUNCTION = YES;
				GCC_WARN_UNUSED_VARIABLE = YES;
				IPHONEOS_DEPLOYMENT_TARGET = 16.0;
				MTL_ENABLE_DEBUG_INFO = INCLUDE_SOURCE;
				MTL_FAST_MATH = YES;
				ONLY_ACTIVE_ARCH = YES;
				SDKROOT = iphoneos;
				SWIFT_ACTIVE_COMPILATION_CONDITIONS = DEBUG;
				SWIFT_OPTIMIZATION_LEVEL = "-Onone";
			};
			name = Debug;
		};
		C67A2C672938D508004E93D0 /* Release */ = {
			isa = XCBuildConfiguration;
			buildSettings = {
				ALWAYS_SEARCH_USER_PATHS = NO;
				CLANG_ANALYZER_NONNULL = YES;
				CLANG_ANALYZER_NUMBER_OBJECT_CONVERSION = YES_AGGRESSIVE;
				CLANG_CXX_LANGUAGE_STANDARD = "gnu++20";
				CLANG_ENABLE_MODULES = YES;
				CLANG_ENABLE_OBJC_ARC = YES;
				CLANG_ENABLE_OBJC_WEAK = YES;
				CLANG_WARN_BLOCK_CAPTURE_AUTORELEASING = YES;
				CLANG_WARN_BOOL_CONVERSION = YES;
				CLANG_WARN_COMMA = YES;
				CLANG_WARN_CONSTANT_CONVERSION = YES;
				CLANG_WARN_DEPRECATED_OBJC_IMPLEMENTATIONS = YES;
				CLANG_WARN_DIRECT_OBJC_ISA_USAGE = YES_ERROR;
				CLANG_WARN_DOCUMENTATION_COMMENTS = YES;
				CLANG_WARN_EMPTY_BODY = YES;
				CLANG_WARN_ENUM_CONVERSION = YES;
				CLANG_WARN_INFINITE_RECURSION = YES;
				CLANG_WARN_INT_CONVERSION = YES;
				CLANG_WARN_NON_LITERAL_NULL_CONVERSION = YES;
				CLANG_WARN_OBJC_IMPLICIT_RETAIN_SELF = YES;
				CLANG_WARN_OBJC_LITERAL_CONVERSION = YES;
				CLANG_WARN_OBJC_ROOT_CLASS = YES_ERROR;
				CLANG_WARN_QUOTED_INCLUDE_IN_FRAMEWORK_HEADER = YES;
				CLANG_WARN_RANGE_LOOP_ANALYSIS = YES;
				CLANG_WARN_STRICT_PROTOTYPES = YES;
				CLANG_WARN_SUSPICIOUS_MOVE = YES;
				CLANG_WARN_UNGUARDED_AVAILABILITY = YES_AGGRESSIVE;
				CLANG_WARN_UNREACHABLE_CODE = YES;
				CLANG_WARN__DUPLICATE_METHOD_MATCH = YES;
				COPY_PHASE_STRIP = NO;
				DEBUG_INFORMATION_FORMAT = "dwarf-with-dsym";
				ENABLE_NS_ASSERTIONS = NO;
				ENABLE_STRICT_OBJC_MSGSEND = YES;
				GCC_C_LANGUAGE_STANDARD = gnu11;
				GCC_NO_COMMON_BLOCKS = YES;
				GCC_WARN_64_TO_32_BIT_CONVERSION = YES;
				GCC_WARN_ABOUT_RETURN_TYPE = YES_ERROR;
				GCC_WARN_UNDECLARED_SELECTOR = YES;
				GCC_WARN_UNINITIALIZED_AUTOS = YES_AGGRESSIVE;
				GCC_WARN_UNUSED_FUNCTION = YES;
				GCC_WARN_UNUSED_VARIABLE = YES;
				IPHONEOS_DEPLOYMENT_TARGET = 16.0;
				MTL_ENABLE_DEBUG_INFO = NO;
				MTL_FAST_MATH = YES;
				SDKROOT = iphoneos;
				SWIFT_COMPILATION_MODE = wholemodule;
				SWIFT_OPTIMIZATION_LEVEL = "-O";
				VALIDATE_PRODUCT = YES;
			};
			name = Release;
		};
		C67A2C692938D508004E93D0 /* Debug */ = {
			isa = XCBuildConfiguration;
			buildSettings = {
				ASSETCATALOG_COMPILER_APPICON_NAME = AppIcon;
				ASSETCATALOG_COMPILER_GLOBAL_ACCENT_COLOR_NAME = AccentColor;
				CODE_SIGN_STYLE = Automatic;
				CURRENT_PROJECT_VERSION = 1;
				DEVELOPMENT_TEAM = W8F9Y7MUHM;
				GENERATE_INFOPLIST_FILE = YES;
				INFOPLIST_FILE = TeamProjectApp/Info.plist;
				INFOPLIST_KEY_UIApplicationSupportsIndirectInputEvents = YES;
				INFOPLIST_KEY_UILaunchStoryboardName = LaunchScreen;
				INFOPLIST_KEY_UIMainStoryboardFile = Main;
				INFOPLIST_KEY_UISupportedInterfaceOrientations_iPad = "UIInterfaceOrientationPortrait UIInterfaceOrientationPortraitUpsideDown UIInterfaceOrientationLandscapeLeft UIInterfaceOrientationLandscapeRight";
				INFOPLIST_KEY_UISupportedInterfaceOrientations_iPhone = "UIInterfaceOrientationPortrait UIInterfaceOrientationLandscapeLeft UIInterfaceOrientationLandscapeRight";
				LD_RUNPATH_SEARCH_PATHS = (
					"$(inherited)",
					"@executable_path/Frameworks",
				);
				MARKETING_VERSION = 1.0;
				PRODUCT_BUNDLE_IDENTIFIER = "Nikita-Kuryumov.TeamProjectApp";
				PRODUCT_NAME = "$(TARGET_NAME)";
				SUPPORTED_PLATFORMS = "iphoneos iphonesimulator";
				SUPPORTS_MACCATALYST = NO;
				SUPPORTS_MAC_DESIGNED_FOR_IPHONE_IPAD = NO;
				SWIFT_EMIT_LOC_STRINGS = YES;
				SWIFT_VERSION = 5.0;
				TARGETED_DEVICE_FAMILY = 1;
			};
			name = Debug;
		};
		C67A2C6A2938D508004E93D0 /* Release */ = {
			isa = XCBuildConfiguration;
			buildSettings = {
				ASSETCATALOG_COMPILER_APPICON_NAME = AppIcon;
				ASSETCATALOG_COMPILER_GLOBAL_ACCENT_COLOR_NAME = AccentColor;
				CODE_SIGN_STYLE = Automatic;
				CURRENT_PROJECT_VERSION = 1;
				DEVELOPMENT_TEAM = W8F9Y7MUHM;
				GENERATE_INFOPLIST_FILE = YES;
				INFOPLIST_FILE = TeamProjectApp/Info.plist;
				INFOPLIST_KEY_UIApplicationSupportsIndirectInputEvents = YES;
				INFOPLIST_KEY_UILaunchStoryboardName = LaunchScreen;
				INFOPLIST_KEY_UIMainStoryboardFile = Main;
				INFOPLIST_KEY_UISupportedInterfaceOrientations_iPad = "UIInterfaceOrientationPortrait UIInterfaceOrientationPortraitUpsideDown UIInterfaceOrientationLandscapeLeft UIInterfaceOrientationLandscapeRight";
				INFOPLIST_KEY_UISupportedInterfaceOrientations_iPhone = "UIInterfaceOrientationPortrait UIInterfaceOrientationLandscapeLeft UIInterfaceOrientationLandscapeRight";
				LD_RUNPATH_SEARCH_PATHS = (
					"$(inherited)",
					"@executable_path/Frameworks",
				);
				MARKETING_VERSION = 1.0;
				PRODUCT_BUNDLE_IDENTIFIER = "Nikita-Kuryumov.TeamProjectApp";
				PRODUCT_NAME = "$(TARGET_NAME)";
				SUPPORTED_PLATFORMS = "iphoneos iphonesimulator";
				SUPPORTS_MACCATALYST = NO;
				SUPPORTS_MAC_DESIGNED_FOR_IPHONE_IPAD = NO;
				SWIFT_EMIT_LOC_STRINGS = YES;
				SWIFT_VERSION = 5.0;
				TARGETED_DEVICE_FAMILY = 1;
			};
			name = Release;
		};
/* End XCBuildConfiguration section */

/* Begin XCConfigurationList section */
		C67A2C4F2938D507004E93D0 /* Build configuration list for PBXProject "TeamProjectApp" */ = {
			isa = XCConfigurationList;
			buildConfigurations = (
				C67A2C662938D508004E93D0 /* Debug */,
				C67A2C672938D508004E93D0 /* Release */,
			);
			defaultConfigurationIsVisible = 0;
			defaultConfigurationName = Release;
		};
		C67A2C682938D508004E93D0 /* Build configuration list for PBXNativeTarget "TeamProjectApp" */ = {
			isa = XCConfigurationList;
			buildConfigurations = (
				C67A2C692938D508004E93D0 /* Debug */,
				C67A2C6A2938D508004E93D0 /* Release */,
			);
			defaultConfigurationIsVisible = 0;
			defaultConfigurationName = Release;
		};
/* End XCConfigurationList section */
	};
	rootObject = C67A2C4C2938D507004E93D0 /* Project object */;
}
